
Microsoft Visual Studio Solution File, Format Version 12.00
# Visual Studio Version 17
VisualStudioVersion = 17.8.34330.188
MinimumVisualStudioVersion = 10.0.40219.1
Project("{FAE04EC0-301F-11D3-BF4B-00C04F79EFBC}") = "SinginalRAzure", "SinginalRAzure\SinginalRAzure.csproj", "{7EFF182D-7C2A-4635-9C1B-B95AE6E0143A}"
EndProject
Global
	GlobalSection(SolutionConfigurationPlatforms) = preSolution
		Debug|Any CPU = Debug|Any CPU
		Release|Any CPU = Release|Any CPU
	EndGlobalSection
	GlobalSection(ProjectConfigurationPlatforms) = postSolution
		{7EFF182D-7C2A-4635-9C1B-B95AE6E0143A}.Debug|Any CPU.ActiveCfg = Debug|Any CPU
		{7EFF182D-7C2A-4635-9C1B-B95AE6E0143A}.Debug|Any CPU.Build.0 = Debug|Any CPU
		{7EFF182D-7C2A-4635-9C1B-B95AE6E0143A}.Release|Any CPU.ActiveCfg = Release|Any CPU
		{7EFF182D-7C2A-4635-9C1B-B95AE6E0143A}.Release|Any CPU.Build.0 = Release|Any CPU
	EndGlobalSection
	GlobalSection(SolutionProperties) = preSolution
		HideSolutionNode = FALSE
	EndGlobalSection
	GlobalSection(ExtensibilityGlobals) = postSolution
		SolutionGuid = {A401E56B-17A4-4F45-92EC-027102ED1286}
	EndGlobalSection
EndGlobal
